// !$*UTF8*$!
{
	archiveVersion = 1;
	classes = {
	};
	objectVersion = 55;
	objects = {

/* Begin PBXBuildFile section */
		C404DB60278ABCD40039575D /* OrdersTableViewCell.swift in Sources */ = {isa = PBXBuildFile; fileRef = C404DB5E278ABCD40039575D /* OrdersTableViewCell.swift */; };
		C404DB61278ABCD40039575D /* OrdersTableViewCell.xib in Resources */ = {isa = PBXBuildFile; fileRef = C404DB5F278ABCD40039575D /* OrdersTableViewCell.xib */; };
		C42608502787F8FE00B99A76 /* NomenclaturaTableViewCell.swift in Sources */ = {isa = PBXBuildFile; fileRef = C426084E2787F8FE00B99A76 /* NomenclaturaTableViewCell.swift */; };
		C42608512787F8FE00B99A76 /* NomenclaturaTableViewCell.xib in Resources */ = {isa = PBXBuildFile; fileRef = C426084F2787F8FE00B99A76 /* NomenclaturaTableViewCell.xib */; };
		C448C3DA278EA8A10011BEA4 /* NomenclaturaDetailsViewController.swift in Sources */ = {isa = PBXBuildFile; fileRef = C448C3D8278EA8A10011BEA4 /* NomenclaturaDetailsViewController.swift */; };
		C448C3DB278EA8A10011BEA4 /* NomenclaturaDetailsViewController.xib in Resources */ = {isa = PBXBuildFile; fileRef = C448C3D9278EA8A10011BEA4 /* NomenclaturaDetailsViewController.xib */; };
		C4790C45278879B800C9D60A /* OrdersViewController.swift in Sources */ = {isa = PBXBuildFile; fileRef = C4790C43278879B800C9D60A /* OrdersViewController.swift */; };
		C4790C46278879B800C9D60A /* OrdersViewController.xib in Resources */ = {isa = PBXBuildFile; fileRef = C4790C44278879B800C9D60A /* OrdersViewController.xib */; };
		C4790C49278879CD00C9D60A /* ProfileViewController.swift in Sources */ = {isa = PBXBuildFile; fileRef = C4790C47278879CD00C9D60A /* ProfileViewController.swift */; };
		C4790C4A278879CD00C9D60A /* ProfileViewController.xib in Resources */ = {isa = PBXBuildFile; fileRef = C4790C48278879CD00C9D60A /* ProfileViewController.xib */; };
		C4790C4D27887C6600C9D60A /* TabbarViewController.swift in Sources */ = {isa = PBXBuildFile; fileRef = C4790C4B27887C6600C9D60A /* TabbarViewController.swift */; };
		C4790C4E27887C6600C9D60A /* TabbarViewController.xib in Resources */ = {isa = PBXBuildFile; fileRef = C4790C4C27887C6600C9D60A /* TabbarViewController.xib */; };
		C4824720278B046900B09424 /* helpers.swift in Sources */ = {isa = PBXBuildFile; fileRef = C482471F278B046900B09424 /* helpers.swift */; };
		C4824722278B05AD00B09424 /* Models.swift in Sources */ = {isa = PBXBuildFile; fileRef = C4824721278B05AD00B09424 /* Models.swift */; };
		C4824724278B1C3900B09424 /* NetworkManager.swift in Sources */ = {isa = PBXBuildFile; fileRef = C4824723278B1C3800B09424 /* NetworkManager.swift */; };
		C4824727278B224600B09424 /* CoreDataManager.swift in Sources */ = {isa = PBXBuildFile; fileRef = C4824726278B224600B09424 /* CoreDataManager.swift */; };
		C49374CE27854BE000DFD42A /* AppDelegate.swift in Sources */ = {isa = PBXBuildFile; fileRef = C49374CD27854BE000DFD42A /* AppDelegate.swift */; };
		C49374D027854BE000DFD42A /* SceneDelegate.swift in Sources */ = {isa = PBXBuildFile; fileRef = C49374CF27854BE000DFD42A /* SceneDelegate.swift */; };
		C49374D227854BE000DFD42A /* ViewController.swift in Sources */ = {isa = PBXBuildFile; fileRef = C49374D127854BE000DFD42A /* ViewController.swift */; };
		C49374D527854BE100DFD42A /* Main.storyboard in Resources */ = {isa = PBXBuildFile; fileRef = C49374D327854BE100DFD42A /* Main.storyboard */; };
		C49374D827854BE100DFD42A /* factory_manager_ios.xcdatamodeld in Sources */ = {isa = PBXBuildFile; fileRef = C49374D627854BE100DFD42A /* factory_manager_ios.xcdatamodeld */; };
		C49374DA27854BE300DFD42A /* Assets.xcassets in Resources */ = {isa = PBXBuildFile; fileRef = C49374D927854BE300DFD42A /* Assets.xcassets */; };
		C49374DD27854BE300DFD42A /* LaunchScreen.storyboard in Resources */ = {isa = PBXBuildFile; fileRef = C49374DB27854BE300DFD42A /* LaunchScreen.storyboard */; };
		C493750527854DB600DFD42A /* LoginViewController.swift in Sources */ = {isa = PBXBuildFile; fileRef = C493750327854DB600DFD42A /* LoginViewController.swift */; };
		C493750627854DB600DFD42A /* LoginViewController.xib in Resources */ = {isa = PBXBuildFile; fileRef = C493750427854DB600DFD42A /* LoginViewController.xib */; };
		C4937509278550A900DFD42A /* OrangeButton.swift in Sources */ = {isa = PBXBuildFile; fileRef = C4937508278550A800DFD42A /* OrangeButton.swift */; };
		C493750C278702E800DFD42A /* nomenclatureViewController.swift in Sources */ = {isa = PBXBuildFile; fileRef = C493750A278702E800DFD42A /* nomenclatureViewController.swift */; };
		C493750D278702E800DFD42A /* nomenclatureViewController.xib in Resources */ = {isa = PBXBuildFile; fileRef = C493750B278702E800DFD42A /* nomenclatureViewController.xib */; };
		C4A3E722279010C20093EA66 /* extension.swift in Sources */ = {isa = PBXBuildFile; fileRef = C4A3E721279010C20093EA66 /* extension.swift */; };
		C4A3E7252790463F0093EA66 /* models.swift in Sources */ = {isa = PBXBuildFile; fileRef = C4A3E7242790463F0093EA66 /* models.swift */; };
/* End PBXBuildFile section */

/* Begin PBXContainerItemProxy section */
		C49374E427854BE400DFD42A /* PBXContainerItemProxy */ = {
			isa = PBXContainerItemProxy;
			containerPortal = C49374C227854BE000DFD42A /* Project object */;
			proxyType = 1;
			remoteGlobalIDString = C49374C927854BE000DFD42A;
			remoteInfo = "factory-manager-ios";
		};
		C49374EE27854BE400DFD42A /* PBXContainerItemProxy */ = {
			isa = PBXContainerItemProxy;
			containerPortal = C49374C227854BE000DFD42A /* Project object */;
			proxyType = 1;
			remoteGlobalIDString = C49374C927854BE000DFD42A;
			remoteInfo = "factory-manager-ios";
		};
/* End PBXContainerItemProxy section */

/* Begin PBXFileReference section */
		C404DB5E278ABCD40039575D /* OrdersTableViewCell.swift */ = {isa = PBXFileReference; lastKnownFileType = sourcecode.swift; path = OrdersTableViewCell.swift; sourceTree = "<group>"; };
		C404DB5F278ABCD40039575D /* OrdersTableViewCell.xib */ = {isa = PBXFileReference; lastKnownFileType = file.xib; path = OrdersTableViewCell.xib; sourceTree = "<group>"; };
		C426084E2787F8FE00B99A76 /* NomenclaturaTableViewCell.swift */ = {isa = PBXFileReference; lastKnownFileType = sourcecode.swift; path = NomenclaturaTableViewCell.swift; sourceTree = "<group>"; };
		C426084F2787F8FE00B99A76 /* NomenclaturaTableViewCell.xib */ = {isa = PBXFileReference; lastKnownFileType = file.xib; path = NomenclaturaTableViewCell.xib; sourceTree = "<group>"; };
		C448C3D8278EA8A10011BEA4 /* NomenclaturaDetailsViewController.swift */ = {isa = PBXFileReference; lastKnownFileType = sourcecode.swift; path = NomenclaturaDetailsViewController.swift; sourceTree = "<group>"; };
		C448C3D9278EA8A10011BEA4 /* NomenclaturaDetailsViewController.xib */ = {isa = PBXFileReference; lastKnownFileType = file.xib; path = NomenclaturaDetailsViewController.xib; sourceTree = "<group>"; };
		C4790C43278879B800C9D60A /* OrdersViewController.swift */ = {isa = PBXFileReference; lastKnownFileType = sourcecode.swift; path = OrdersViewController.swift; sourceTree = "<group>"; };
		C4790C44278879B800C9D60A /* OrdersViewController.xib */ = {isa = PBXFileReference; lastKnownFileType = file.xib; path = OrdersViewController.xib; sourceTree = "<group>"; };
		C4790C47278879CD00C9D60A /* ProfileViewController.swift */ = {isa = PBXFileReference; lastKnownFileType = sourcecode.swift; path = ProfileViewController.swift; sourceTree = "<group>"; };
		C4790C48278879CD00C9D60A /* ProfileViewController.xib */ = {isa = PBXFileReference; lastKnownFileType = file.xib; path = ProfileViewController.xib; sourceTree = "<group>"; };
		C4790C4B27887C6600C9D60A /* TabbarViewController.swift */ = {isa = PBXFileReference; lastKnownFileType = sourcecode.swift; path = TabbarViewController.swift; sourceTree = "<group>"; };
		C4790C4C27887C6600C9D60A /* TabbarViewController.xib */ = {isa = PBXFileReference; lastKnownFileType = file.xib; path = TabbarViewController.xib; sourceTree = "<group>"; };
		C482471F278B046900B09424 /* helpers.swift */ = {isa = PBXFileReference; lastKnownFileType = sourcecode.swift; path = helpers.swift; sourceTree = "<group>"; };
		C4824721278B05AD00B09424 /* Models.swift */ = {isa = PBXFileReference; lastKnownFileType = sourcecode.swift; path = Models.swift; sourceTree = "<group>"; };
		C4824723278B1C3800B09424 /* NetworkManager.swift */ = {isa = PBXFileReference; lastKnownFileType = sourcecode.swift; path = NetworkManager.swift; sourceTree = "<group>"; };
		C4824726278B224600B09424 /* CoreDataManager.swift */ = {isa = PBXFileReference; lastKnownFileType = sourcecode.swift; path = CoreDataManager.swift; sourceTree = "<group>"; };
		C49374CA27854BE000DFD42A /* factory-manager-ios.app */ = {isa = PBXFileReference; explicitFileType = wrapper.application; includeInIndex = 0; path = "factory-manager-ios.app"; sourceTree = BUILT_PRODUCTS_DIR; };
		C49374CD27854BE000DFD42A /* AppDelegate.swift */ = {isa = PBXFileReference; lastKnownFileType = sourcecode.swift; path = AppDelegate.swift; sourceTree = "<group>"; };
		C49374CF27854BE000DFD42A /* SceneDelegate.swift */ = {isa = PBXFileReference; lastKnownFileType = sourcecode.swift; path = SceneDelegate.swift; sourceTree = "<group>"; };
		C49374D127854BE000DFD42A /* ViewController.swift */ = {isa = PBXFileReference; lastKnownFileType = sourcecode.swift; path = ViewController.swift; sourceTree = "<group>"; };
		C49374D427854BE100DFD42A /* Base */ = {isa = PBXFileReference; lastKnownFileType = file.storyboard; name = Base; path = Base.lproj/Main.storyboard; sourceTree = "<group>"; };
		C49374D727854BE100DFD42A /* factory_manager_ios.xcdatamodel */ = {isa = PBXFileReference; lastKnownFileType = wrapper.xcdatamodel; path = factory_manager_ios.xcdatamodel; sourceTree = "<group>"; };
		C49374D927854BE300DFD42A /* Assets.xcassets */ = {isa = PBXFileReference; lastKnownFileType = folder.assetcatalog; path = Assets.xcassets; sourceTree = "<group>"; };
		C49374DC27854BE300DFD42A /* Base */ = {isa = PBXFileReference; lastKnownFileType = file.storyboard; name = Base; path = Base.lproj/LaunchScreen.storyboard; sourceTree = "<group>"; };
		C49374DE27854BE300DFD42A /* Info.plist */ = {isa = PBXFileReference; lastKnownFileType = text.plist.xml; path = Info.plist; sourceTree = "<group>"; };
		C49374E327854BE400DFD42A /* factory-manager-iosTests.xctest */ = {isa = PBXFileReference; explicitFileType = wrapper.cfbundle; includeInIndex = 0; path = "factory-manager-iosTests.xctest"; sourceTree = BUILT_PRODUCTS_DIR; };
		C49374ED27854BE400DFD42A /* factory-manager-iosUITests.xctest */ = {isa = PBXFileReference; explicitFileType = wrapper.cfbundle; includeInIndex = 0; path = "factory-manager-iosUITests.xctest"; sourceTree = BUILT_PRODUCTS_DIR; };
		C493750327854DB600DFD42A /* LoginViewController.swift */ = {isa = PBXFileReference; lastKnownFileType = sourcecode.swift; path = LoginViewController.swift; sourceTree = "<group>"; };
		C493750427854DB600DFD42A /* LoginViewController.xib */ = {isa = PBXFileReference; lastKnownFileType = file.xib; path = LoginViewController.xib; sourceTree = "<group>"; };
		C4937508278550A800DFD42A /* OrangeButton.swift */ = {isa = PBXFileReference; lastKnownFileType = sourcecode.swift; path = OrangeButton.swift; sourceTree = "<group>"; };
		C493750A278702E800DFD42A /* nomenclatureViewController.swift */ = {isa = PBXFileReference; lastKnownFileType = sourcecode.swift; path = nomenclatureViewController.swift; sourceTree = "<group>"; wrapsLines = 1; };
		C493750B278702E800DFD42A /* nomenclatureViewController.xib */ = {isa = PBXFileReference; lastKnownFileType = file.xib; path = nomenclatureViewController.xib; sourceTree = "<group>"; };
		C4A3E721279010C20093EA66 /* extension.swift */ = {isa = PBXFileReference; lastKnownFileType = sourcecode.swift; path = extension.swift; sourceTree = "<group>"; };
		C4A3E7242790463F0093EA66 /* models.swift */ = {isa = PBXFileReference; lastKnownFileType = sourcecode.swift; path = models.swift; sourceTree = "<group>"; };
/* End PBXFileReference section */

/* Begin PBXFrameworksBuildPhase section */
		C49374C727854BE000DFD42A /* Frameworks */ = {
			isa = PBXFrameworksBuildPhase;
			buildActionMask = 2147483647;
			files = (
			);
			runOnlyForDeploymentPostprocessing = 0;
		};
		C49374E027854BE400DFD42A /* Frameworks */ = {
			isa = PBXFrameworksBuildPhase;
			buildActionMask = 2147483647;
			files = (
			);
			runOnlyForDeploymentPostprocessing = 0;
		};
		C49374EA27854BE400DFD42A /* Frameworks */ = {
			isa = PBXFrameworksBuildPhase;
			buildActionMask = 2147483647;
			files = (
			);
			runOnlyForDeploymentPostprocessing = 0;
		};
/* End PBXFrameworksBuildPhase section */

/* Begin PBXGroup section */
		C404DB62278ACAC40039575D /* Profile */ = {
			isa = PBXGroup;
			children = (
				C4790C48278879CD00C9D60A /* ProfileViewController.xib */,
				C4790C47278879CD00C9D60A /* ProfileViewController.swift */,
				C4A3E721279010C20093EA66 /* extension.swift */,
			);
			path = Profile;
			sourceTree = "<group>";
		};
		C404DB63278ACAE00039575D /* Orders */ = {
			isa = PBXGroup;
			children = (
				C4790C44278879B800C9D60A /* OrdersViewController.xib */,
				C4790C43278879B800C9D60A /* OrdersViewController.swift */,
				C404DB65278ACB2B0039575D /* tableFiles */,
				C4A3E7242790463F0093EA66 /* models.swift */,
			);
			path = Orders;
			sourceTree = "<group>";
		};
		C404DB64278ACAFC0039575D /* Tabbar */ = {
			isa = PBXGroup;
			children = (
				C4790C4C27887C6600C9D60A /* TabbarViewController.xib */,
				C4790C4B27887C6600C9D60A /* TabbarViewController.swift */,
			);
			path = Tabbar;
			sourceTree = "<group>";
		};
		C404DB65278ACB2B0039575D /* tableFiles */ = {
			isa = PBXGroup;
			children = (
				C404DB5E278ABCD40039575D /* OrdersTableViewCell.swift */,
				C404DB5F278ABCD40039575D /* OrdersTableViewCell.xib */,
			);
			path = tableFiles;
			sourceTree = "<group>";
		};
		C404DB66278ACB570039575D /* Nomenclatura */ = {
			isa = PBXGroup;
			children = (
				C448C3D7278EA8130011BEA4 /* nomenclaturaDetails */,
				C493750B278702E800DFD42A /* nomenclatureViewController.xib */,
				C493750A278702E800DFD42A /* nomenclatureViewController.swift */,
				C404DB67278ACB670039575D /* tableFiles */,
			);
			path = Nomenclatura;
			sourceTree = "<group>";
		};
		C404DB67278ACB670039575D /* tableFiles */ = {
			isa = PBXGroup;
			children = (
				C426084F2787F8FE00B99A76 /* NomenclaturaTableViewCell.xib */,
				C426084E2787F8FE00B99A76 /* NomenclaturaTableViewCell.swift */,
			);
			path = tableFiles;
			sourceTree = "<group>";
		};
		C448C3D7278EA8130011BEA4 /* nomenclaturaDetails */ = {
			isa = PBXGroup;
			children = (
				C448C3D8278EA8A10011BEA4 /* NomenclaturaDetailsViewController.swift */,
				C448C3D9278EA8A10011BEA4 /* NomenclaturaDetailsViewController.xib */,
			);
			path = nomenclaturaDetails;
			sourceTree = "<group>";
		};
		C482471E278B044900B09424 /* Network */ = {
			isa = PBXGroup;
			children = (
				C482471F278B046900B09424 /* helpers.swift */,
				C4824721278B05AD00B09424 /* Models.swift */,
				C4824723278B1C3800B09424 /* NetworkManager.swift */,
			);
			path = Network;
			sourceTree = "<group>";
		};
		C4824725278B222100B09424 /* LocalStorage */ = {
			isa = PBXGroup;
			children = (
				C4824726278B224600B09424 /* CoreDataManager.swift */,
			);
			path = LocalStorage;
			sourceTree = "<group>";
		};
		C49374C127854BE000DFD42A = {
			isa = PBXGroup;
			children = (
				C49374CC27854BE000DFD42A /* factory-manager-ios */,
				C49374CB27854BE000DFD42A /* Products */,
			);
			sourceTree = "<group>";
		};
		C49374CB27854BE000DFD42A /* Products */ = {
			isa = PBXGroup;
			children = (
				C49374CA27854BE000DFD42A /* factory-manager-ios.app */,
				C49374E327854BE400DFD42A /* factory-manager-iosTests.xctest */,
				C49374ED27854BE400DFD42A /* factory-manager-iosUITests.xctest */,
			);
			name = Products;
			sourceTree = "<group>";
		};
		C49374CC27854BE000DFD42A /* factory-manager-ios */ = {
			isa = PBXGroup;
			children = (
				C4824725278B222100B09424 /* LocalStorage */,
				C482471E278B044900B09424 /* Network */,
				C404DB66278ACB570039575D /* Nomenclatura */,
				C404DB63278ACAE00039575D /* Orders */,
				C404DB62278ACAC40039575D /* Profile */,
				C49375072785508500DFD42A /* misc */,
				C493750027854D5C00DFD42A /* LoginScreen */,
				C49374CD27854BE000DFD42A /* AppDelegate.swift */,
				C49374CF27854BE000DFD42A /* SceneDelegate.swift */,
				C49374D127854BE000DFD42A /* ViewController.swift */,
				C49374D327854BE100DFD42A /* Main.storyboard */,
				C49374D927854BE300DFD42A /* Assets.xcassets */,
				C49374DB27854BE300DFD42A /* LaunchScreen.storyboard */,
				C49374DE27854BE300DFD42A /* Info.plist */,
				C49374D627854BE100DFD42A /* factory_manager_ios.xcdatamodeld */,
			);
			path = "factory-manager-ios";
			sourceTree = "<group>";
		};
		C493750027854D5C00DFD42A /* LoginScreen */ = {
			isa = PBXGroup;
			children = (
				C493750327854DB600DFD42A /* LoginViewController.swift */,
				C493750427854DB600DFD42A /* LoginViewController.xib */,
			);
			path = LoginScreen;
			sourceTree = "<group>";
		};
		C49375072785508500DFD42A /* misc */ = {
			isa = PBXGroup;
			children = (
				C404DB64278ACAFC0039575D /* Tabbar */,
				C4937508278550A800DFD42A /* OrangeButton.swift */,
			);
			path = misc;
			sourceTree = "<group>";
		};
/* End PBXGroup section */

/* Begin PBXNativeTarget section */
		C49374C927854BE000DFD42A /* factory-manager-ios */ = {
			isa = PBXNativeTarget;
			buildConfigurationList = C49374F727854BE400DFD42A /* Build configuration list for PBXNativeTarget "factory-manager-ios" */;
			buildPhases = (
				C49374C627854BE000DFD42A /* Sources */,
				C49374C727854BE000DFD42A /* Frameworks */,
				C49374C827854BE000DFD42A /* Resources */,
			);
			buildRules = (
			);
			dependencies = (
			);
			name = "factory-manager-ios";
			productName = "factory-manager-ios";
			productReference = C49374CA27854BE000DFD42A /* factory-manager-ios.app */;
			productType = "com.apple.product-type.application";
		};
		C49374E227854BE400DFD42A /* factory-manager-iosTests */ = {
			isa = PBXNativeTarget;
			buildConfigurationList = C49374FA27854BE400DFD42A /* Build configuration list for PBXNativeTarget "factory-manager-iosTests" */;
			buildPhases = (
				C49374DF27854BE400DFD42A /* Sources */,
				C49374E027854BE400DFD42A /* Frameworks */,
				C49374E127854BE400DFD42A /* Resources */,
			);
			buildRules = (
			);
			dependencies = (
				C49374E527854BE400DFD42A /* PBXTargetDependency */,
			);
			name = "factory-manager-iosTests";
			productName = "factory-manager-iosTests";
			productReference = C49374E327854BE400DFD42A /* factory-manager-iosTests.xctest */;
			productType = "com.apple.product-type.bundle.unit-test";
		};
		C49374EC27854BE400DFD42A /* factory-manager-iosUITests */ = {
			isa = PBXNativeTarget;
			buildConfigurationList = C49374FD27854BE400DFD42A /* Build configuration list for PBXNativeTarget "factory-manager-iosUITests" */;
			buildPhases = (
				C49374E927854BE400DFD42A /* Sources */,
				C49374EA27854BE400DFD42A /* Frameworks */,
				C49374EB27854BE400DFD42A /* Resources */,
			);
			buildRules = (
			);
			dependencies = (
				C49374EF27854BE400DFD42A /* PBXTargetDependency */,
			);
			name = "factory-manager-iosUITests";
			productName = "factory-manager-iosUITests";
			productReference = C49374ED27854BE400DFD42A /* factory-manager-iosUITests.xctest */;
			productType = "com.apple.product-type.bundle.ui-testing";
		};
/* End PBXNativeTarget section */

/* Begin PBXProject section */
		C49374C227854BE000DFD42A /* Project object */ = {
			isa = PBXProject;
			attributes = {
				BuildIndependentTargetsInParallel = 1;
				LastSwiftUpdateCheck = 1300;
				LastUpgradeCheck = 1300;
				TargetAttributes = {
					C49374C927854BE000DFD42A = {
						CreatedOnToolsVersion = 13.0;
					};
					C49374E227854BE400DFD42A = {
						CreatedOnToolsVersion = 13.0;
						TestTargetID = C49374C927854BE000DFD42A;
					};
					C49374EC27854BE400DFD42A = {
						CreatedOnToolsVersion = 13.0;
						TestTargetID = C49374C927854BE000DFD42A;
					};
				};
			};
			buildConfigurationList = C49374C527854BE000DFD42A /* Build configuration list for PBXProject "factory-manager-ios" */;
			compatibilityVersion = "Xcode 13.0";
			developmentRegion = en;
			hasScannedForEncodings = 0;
			knownRegions = (
				en,
				Base,
			);
			mainGroup = C49374C127854BE000DFD42A;
			productRefGroup = C49374CB27854BE000DFD42A /* Products */;
			projectDirPath = "";
			projectRoot = "";
			targets = (
				C49374C927854BE000DFD42A /* factory-manager-ios */,
				C49374E227854BE400DFD42A /* factory-manager-iosTests */,
				C49374EC27854BE400DFD42A /* factory-manager-iosUITests */,
			);
		};
/* End PBXProject section */

/* Begin PBXResourcesBuildPhase section */
		C49374C827854BE000DFD42A /* Resources */ = {
			isa = PBXResourcesBuildPhase;
			buildActionMask = 2147483647;
			files = (
				C404DB61278ABCD40039575D /* OrdersTableViewCell.xib in Resources */,
				C4790C46278879B800C9D60A /* OrdersViewController.xib in Resources */,
				C493750627854DB600DFD42A /* LoginViewController.xib in Resources */,
				C4790C4A278879CD00C9D60A /* ProfileViewController.xib in Resources */,
				C493750D278702E800DFD42A /* nomenclatureViewController.xib in Resources */,
				C4790C4E27887C6600C9D60A /* TabbarViewController.xib in Resources */,
				C42608512787F8FE00B99A76 /* NomenclaturaTableViewCell.xib in Resources */,
				C49374DD27854BE300DFD42A /* LaunchScreen.storyboard in Resources */,
				C448C3DB278EA8A10011BEA4 /* NomenclaturaDetailsViewController.xib in Resources */,
				C49374DA27854BE300DFD42A /* Assets.xcassets in Resources */,
				C49374D527854BE100DFD42A /* Main.storyboard in Resources */,
			);
			runOnlyForDeploymentPostprocessing = 0;
		};
		C49374E127854BE400DFD42A /* Resources */ = {
			isa = PBXResourcesBuildPhase;
			buildActionMask = 2147483647;
			files = (
			);
			runOnlyForDeploymentPostprocessing = 0;
		};
		C49374EB27854BE400DFD42A /* Resources */ = {
			isa = PBXResourcesBuildPhase;
			buildActionMask = 2147483647;
			files = (
			);
			runOnlyForDeploymentPostprocessing = 0;
		};
/* End PBXResourcesBuildPhase section */

/* Begin PBXSourcesBuildPhase section */
		C49374C627854BE000DFD42A /* Sources */ = {
			isa = PBXSourcesBuildPhase;
			buildActionMask = 2147483647;
			files = (
				C4824720278B046900B09424 /* helpers.swift in Sources */,
				C49374D827854BE100DFD42A /* factory_manager_ios.xcdatamodeld in Sources */,
				C4937509278550A900DFD42A /* OrangeButton.swift in Sources */,
				C4A3E722279010C20093EA66 /* extension.swift in Sources */,
				C448C3DA278EA8A10011BEA4 /* NomenclaturaDetailsViewController.swift in Sources */,
				C4790C4D27887C6600C9D60A /* TabbarViewController.swift in Sources */,
				C4790C45278879B800C9D60A /* OrdersViewController.swift in Sources */,
				C49374D227854BE000DFD42A /* ViewController.swift in Sources */,
				C4790C49278879CD00C9D60A /* ProfileViewController.swift in Sources */,
				C49374CE27854BE000DFD42A /* AppDelegate.swift in Sources */,
				C493750527854DB600DFD42A /* LoginViewController.swift in Sources */,
				C49374D027854BE000DFD42A /* SceneDelegate.swift in Sources */,
				C493750C278702E800DFD42A /* nomenclatureViewController.swift in Sources */,
				C4A3E7252790463F0093EA66 /* models.swift in Sources */,
				C404DB60278ABCD40039575D /* OrdersTableViewCell.swift in Sources */,
				C4824724278B1C3900B09424 /* NetworkManager.swift in Sources */,
				C42608502787F8FE00B99A76 /* NomenclaturaTableViewCell.swift in Sources */,
				C4824727278B224600B09424 /* CoreDataManager.swift in Sources */,
				C4824722278B05AD00B09424 /* Models.swift in Sources */,
			);
			runOnlyForDeploymentPostprocessing = 0;
		};
		C49374DF27854BE400DFD42A /* Sources */ = {
			isa = PBXSourcesBuildPhase;
			buildActionMask = 2147483647;
			files = (
			);
			runOnlyForDeploymentPostprocessing = 0;
		};
		C49374E927854BE400DFD42A /* Sources */ = {
			isa = PBXSourcesBuildPhase;
			buildActionMask = 2147483647;
			files = (
			);
			runOnlyForDeploymentPostprocessing = 0;
		};
/* End PBXSourcesBuildPhase section */

/* Begin PBXTargetDependency section */
		C49374E527854BE400DFD42A /* PBXTargetDependency */ = {
			isa = PBXTargetDependency;
			target = C49374C927854BE000DFD42A /* factory-manager-ios */;
			targetProxy = C49374E427854BE400DFD42A /* PBXContainerItemProxy */;
		};
		C49374EF27854BE400DFD42A /* PBXTargetDependency */ = {
			isa = PBXTargetDependency;
			target = C49374C927854BE000DFD42A /* factory-manager-ios */;
			targetProxy = C49374EE27854BE400DFD42A /* PBXContainerItemProxy */;
		};
/* End PBXTargetDependency section */

/* Begin PBXVariantGroup section */
		C49374D327854BE100DFD42A /* Main.storyboard */ = {
			isa = PBXVariantGroup;
			children = (
				C49374D427854BE100DFD42A /* Base */,
			);
			name = Main.storyboard;
			sourceTree = "<group>";
		};
		C49374DB27854BE300DFD42A /* LaunchScreen.storyboard */ = {
			isa = PBXVariantGroup;
			children = (
				C49374DC27854BE300DFD42A /* Base */,
			);
			name = LaunchScreen.storyboard;
			sourceTree = "<group>";
		};
/* End PBXVariantGroup section */

/* Begin XCBuildConfiguration section */
		C49374F527854BE400DFD42A /* Debug */ = {
			isa = XCBuildConfiguration;
			buildSettings = {
				ALWAYS_SEARCH_USER_PATHS = NO;
				CLANG_ANALYZER_NONNULL = YES;
				CLANG_ANALYZER_NUMBER_OBJECT_CONVERSION = YES_AGGRESSIVE;
				CLANG_CXX_LANGUAGE_STANDARD = "gnu++17";
				CLANG_CXX_LIBRARY = "libc++";
				CLANG_ENABLE_MODULES = YES;
				CLANG_ENABLE_OBJC_ARC = YES;
				CLANG_ENABLE_OBJC_WEAK = YES;
				CLANG_WARN_BLOCK_CAPTURE_AUTORELEASING = YES;
				CLANG_WARN_BOOL_CONVERSION = YES;
				CLANG_WARN_COMMA = YES;
				CLANG_WARN_CONSTANT_CONVERSION = YES;
				CLANG_WARN_DEPRECATED_OBJC_IMPLEMENTATIONS = YES;
				CLANG_WARN_DIRECT_OBJC_ISA_USAGE = YES_ERROR;
				CLANG_WARN_DOCUMENTATION_COMMENTS = YES;
				CLANG_WARN_EMPTY_BODY = YES;
				CLANG_WARN_ENUM_CONVERSION = YES;
				CLANG_WARN_INFINITE_RECURSION = YES;
				CLANG_WARN_INT_CONVERSION = YES;
				CLANG_WARN_NON_LITERAL_NULL_CONVERSION = YES;
				CLANG_WARN_OBJC_IMPLICIT_RETAIN_SELF = YES;
				CLANG_WARN_OBJC_LITERAL_CONVERSION = YES;
				CLANG_WARN_OBJC_ROOT_CLASS = YES_ERROR;
				CLANG_WARN_QUOTED_INCLUDE_IN_FRAMEWORK_HEADER = YES;
				CLANG_WARN_RANGE_LOOP_ANALYSIS = YES;
				CLANG_WARN_STRICT_PROTOTYPES = YES;
				CLANG_WARN_SUSPICIOUS_MOVE = YES;
				CLANG_WARN_UNGUARDED_AVAILABILITY = YES_AGGRESSIVE;
				CLANG_WARN_UNREACHABLE_CODE = YES;
				CLANG_WARN__DUPLICATE_METHOD_MATCH = YES;
				COPY_PHASE_STRIP = NO;
				DEBUG_INFORMATION_FORMAT = dwarf;
				ENABLE_STRICT_OBJC_MSGSEND = YES;
				ENABLE_TESTABILITY = YES;
				GCC_C_LANGUAGE_STANDARD = gnu11;
				GCC_DYNAMIC_NO_PIC = NO;
				GCC_NO_COMMON_BLOCKS = YES;
				GCC_OPTIMIZATION_LEVEL = 0;
				GCC_PREPROCESSOR_DEFINITIONS = (
					"DEBUG=1",
					"$(inherited)",
				);
				GCC_WARN_64_TO_32_BIT_CONVERSION = YES;
				GCC_WARN_ABOUT_RETURN_TYPE = YES_ERROR;
				GCC_WARN_UNDECLARED_SELECTOR = YES;
				GCC_WARN_UNINITIALIZED_AUTOS = YES_AGGRESSIVE;
				GCC_WARN_UNUSED_FUNCTION = YES;
				GCC_WARN_UNUSED_VARIABLE = YES;
				IPHONEOS_DEPLOYMENT_TARGET = 15.0;
				MTL_ENABLE_DEBUG_INFO = INCLUDE_SOURCE;
				MTL_FAST_MATH = YES;
				ONLY_ACTIVE_ARCH = YES;
				SDKROOT = iphoneos;
				SWIFT_ACTIVE_COMPILATION_CONDITIONS = DEBUG;
				SWIFT_OPTIMIZATION_LEVEL = "-Onone";
			};
			name = Debug;
		};
		C49374F627854BE400DFD42A /* Release */ = {
			isa = XCBuildConfiguration;
			buildSettings = {
				ALWAYS_SEARCH_USER_PATHS = NO;
				CLANG_ANALYZER_NONNULL = YES;
				CLANG_ANALYZER_NUMBER_OBJECT_CONVERSION = YES_AGGRESSIVE;
				CLANG_CXX_LANGUAGE_STANDARD = "gnu++17";
				CLANG_CXX_LIBRARY = "libc++";
				CLANG_ENABLE_MODULES = YES;
				CLANG_ENABLE_OBJC_ARC = YES;
				CLANG_ENABLE_OBJC_WEAK = YES;
				CLANG_WARN_BLOCK_CAPTURE_AUTORELEASING = YES;
				CLANG_WARN_BOOL_CONVERSION = YES;
				CLANG_WARN_COMMA = YES;
				CLANG_WARN_CONSTANT_CONVERSION = YES;
				CLANG_WARN_DEPRECATED_OBJC_IMPLEMENTATIONS = YES;
				CLANG_WARN_DIRECT_OBJC_ISA_USAGE = YES_ERROR;
				CLANG_WARN_DOCUMENTATION_COMMENTS = YES;
				CLANG_WARN_EMPTY_BODY = YES;
				CLANG_WARN_ENUM_CONVERSION = YES;
				CLANG_WARN_INFINITE_RECURSION = YES;
				CLANG_WARN_INT_CONVERSION = YES;
				CLANG_WARN_NON_LITERAL_NULL_CONVERSION = YES;
				CLANG_WARN_OBJC_IMPLICIT_RETAIN_SELF = YES;
				CLANG_WARN_OBJC_LITERAL_CONVERSION = YES;
				CLANG_WARN_OBJC_ROOT_CLASS = YES_ERROR;
				CLANG_WARN_QUOTED_INCLUDE_IN_FRAMEWORK_HEADER = YES;
				CLANG_WARN_RANGE_LOOP_ANALYSIS = YES;
				CLANG_WARN_STRICT_PROTOTYPES = YES;
				CLANG_WARN_SUSPICIOUS_MOVE = YES;
				CLANG_WARN_UNGUARDED_AVAILABILITY = YES_AGGRESSIVE;
				CLANG_WARN_UNREACHABLE_CODE = YES;
				CLANG_WARN__DUPLICATE_METHOD_MATCH = YES;
				COPY_PHASE_STRIP = NO;
				DEBUG_INFORMATION_FORMAT = "dwarf-with-dsym";
				ENABLE_NS_ASSERTIONS = NO;
				ENABLE_STRICT_OBJC_MSGSEND = YES;
				GCC_C_LANGUAGE_STANDARD = gnu11;
				GCC_NO_COMMON_BLOCKS = YES;
				GCC_WARN_64_TO_32_BIT_CONVERSION = YES;
				GCC_WARN_ABOUT_RETURN_TYPE = YES_ERROR;
				GCC_WARN_UNDECLARED_SELECTOR = YES;
				GCC_WARN_UNINITIALIZED_AUTOS = YES_AGGRESSIVE;
				GCC_WARN_UNUSED_FUNCTION = YES;
				GCC_WARN_UNUSED_VARIABLE = YES;
				IPHONEOS_DEPLOYMENT_TARGET = 15.0;
				MTL_ENABLE_DEBUG_INFO = NO;
				MTL_FAST_MATH = YES;
				SDKROOT = iphoneos;
				SWIFT_COMPILATION_MODE = wholemodule;
				SWIFT_OPTIMIZATION_LEVEL = "-O";
				VALIDATE_PRODUCT = YES;
			};
			name = Release;
		};
		C49374F827854BE400DFD42A /* Debug */ = {
			isa = XCBuildConfiguration;
			buildSettings = {
				ASSETCATALOG_COMPILER_APPICON_NAME = AppIcon;
				ASSETCATALOG_COMPILER_GLOBAL_ACCENT_COLOR_NAME = AccentColor;
				CODE_SIGN_STYLE = Automatic;
				CURRENT_PROJECT_VERSION = 1;
				GENERATE_INFOPLIST_FILE = YES;
				INFOPLIST_FILE = "factory-manager-ios/Info.plist";
				INFOPLIST_KEY_UIApplicationSupportsIndirectInputEvents = YES;
				INFOPLIST_KEY_UILaunchStoryboardName = LaunchScreen;
				INFOPLIST_KEY_UIMainStoryboardFile = Main;
				INFOPLIST_KEY_UISupportedInterfaceOrientations_iPad = "UIInterfaceOrientationPortrait UIInterfaceOrientationPortraitUpsideDown UIInterfaceOrientationLandscapeLeft UIInterfaceOrientationLandscapeRight";
				INFOPLIST_KEY_UISupportedInterfaceOrientations_iPhone = "UIInterfaceOrientationPortrait UIInterfaceOrientationLandscapeLeft UIInterfaceOrientationLandscapeRight";
				LD_RUNPATH_SEARCH_PATHS = (
					"$(inherited)",
					"@executable_path/Frameworks",
				);
				MARKETING_VERSION = 1.0;
				PRODUCT_BUNDLE_IDENTIFIER = "io.akulenko.factory-manager-ios";
				PRODUCT_NAME = "$(TARGET_NAME)";
				SWIFT_EMIT_LOC_STRINGS = YES;
				SWIFT_VERSION = 5.0;
				TARGETED_DEVICE_FAMILY = "1,2";
			};
			name = Debug;
		};
		C49374F927854BE400DFD42A /* Release */ = {
			isa = XCBuildConfiguration;
			buildSettings = {
				ASSETCATALOG_COMPILER_APPICON_NAME = AppIcon;
				ASSETCATALOG_COMPILER_GLOBAL_ACCENT_COLOR_NAME = AccentColor;
				CODE_SIGN_STYLE = Automatic;
				CURRENT_PROJECT_VERSION = 1;
				GENERATE_INFOPLIST_FILE = YES;
				INFOPLIST_FILE = "factory-manager-ios/Info.plist";
				INFOPLIST_KEY_UIApplicationSupportsIndirectInputEvents = YES;
				INFOPLIST_KEY_UILaunchStoryboardName = LaunchScreen;
				INFOPLIST_KEY_UIMainStoryboardFile = Main;
				INFOPLIST_KEY_UISupportedInterfaceOrientations_iPad = "UIInterfaceOrientationPortrait UIInterfaceOrientationPortraitUpsideDown UIInterfaceOrientationLandscapeLeft UIInterfaceOrientationLandscapeRight";
				INFOPLIST_KEY_UISupportedInterfaceOrientations_iPhone = "UIInterfaceOrientationPortrait UIInterfaceOrientationLandscapeLeft UIInterfaceOrientationLandscapeRight";
				LD_RUNPATH_SEARCH_PATHS = (
					"$(inherited)",
					"@executable_path/Frameworks",
				);
				MARKETING_VERSION = 1.0;
				PRODUCT_BUNDLE_IDENTIFIER = "io.akulenko.factory-manager-ios";
				PRODUCT_NAME = "$(TARGET_NAME)";
				SWIFT_EMIT_LOC_STRINGS = YES;
				SWIFT_VERSION = 5.0;
				TARGETED_DEVICE_FAMILY = "1,2";
			};
			name = Release;
		};
		C49374FB27854BE400DFD42A /* Debug */ = {
			isa = XCBuildConfiguration;
			buildSettings = {
				ALWAYS_EMBED_SWIFT_STANDARD_LIBRARIES = YES;
				BUNDLE_LOADER = "$(TEST_HOST)";
				CODE_SIGN_STYLE = Automatic;
				CURRENT_PROJECT_VERSION = 1;
				GENERATE_INFOPLIST_FILE = YES;
				IPHONEOS_DEPLOYMENT_TARGET = 15.0;
				LD_RUNPATH_SEARCH_PATHS = (
					"$(inherited)",
					"@executable_path/Frameworks",
					"@loader_path/Frameworks",
				);
				MARKETING_VERSION = 1.0;
				PRODUCT_BUNDLE_IDENTIFIER = "io.akulenko.factory-manager-iosTests";
				PRODUCT_NAME = "$(TARGET_NAME)";
				SWIFT_EMIT_LOC_STRINGS = NO;
				SWIFT_VERSION = 5.0;
				TARGETED_DEVICE_FAMILY = "1,2";
				TEST_HOST = "$(BUILT_PRODUCTS_DIR)/factory-manager-ios.app/factory-manager-ios";
			};
			name = Debug;
		};
		C49374FC27854BE400DFD42A /* Release */ = {
			isa = XCBuildConfiguration;
			buildSettings = {
				ALWAYS_EMBED_SWIFT_STANDARD_LIBRARIES = YES;
				BUNDLE_LOADER = "$(TEST_HOST)";
				CODE_SIGN_STYLE = Automatic;
				CURRENT_PROJECT_VERSION = 1;
				GENERATE_INFOPLIST_FILE = YES;
				IPHONEOS_DEPLOYMENT_TARGET = 15.0;
				LD_RUNPATH_SEARCH_PATHS = (
					"$(inherited)",
					"@executable_path/Frameworks",
					"@loader_path/Frameworks",
				);
				MARKETING_VERSION = 1.0;
				PRODUCT_BUNDLE_IDENTIFIER = "io.akulenko.factory-manager-iosTests";
				PRODUCT_NAME = "$(TARGET_NAME)";
				SWIFT_EMIT_LOC_STRINGS = NO;
				SWIFT_VERSION = 5.0;
				TARGETED_DEVICE_FAMILY = "1,2";
				TEST_HOST = "$(BUILT_PRODUCTS_DIR)/factory-manager-ios.app/factory-manager-ios";
			};
			name = Release;
		};
		C49374FE27854BE400DFD42A /* Debug */ = {
			isa = XCBuildConfiguration;
			buildSettings = {
				ALWAYS_EMBED_SWIFT_STANDARD_LIBRARIES = YES;
				CODE_SIGN_STYLE = Automatic;
				CURRENT_PROJECT_VERSION = 1;
				GENERATE_INFOPLIST_FILE = YES;
				LD_RUNPATH_SEARCH_PATHS = (
					"$(inherited)",
					"@executable_path/Frameworks",
					"@loader_path/Frameworks",
				);
				MARKETING_VERSION = 1.0;
				PRODUCT_BUNDLE_IDENTIFIER = "io.akulenko.factory-manager-iosUITests";
				PRODUCT_NAME = "$(TARGET_NAME)";
				SWIFT_EMIT_LOC_STRINGS = NO;
				SWIFT_VERSION = 5.0;
				TARGETED_DEVICE_FAMILY = "1,2";
				TEST_TARGET_NAME = "factory-manager-ios";
			};
			name = Debug;
		};
		C49374FF27854BE400DFD42A /* Release */ = {
			isa = XCBuildConfiguration;
			buildSettings = {
				ALWAYS_EMBED_SWIFT_STANDARD_LIBRARIES = YES;
				CODE_SIGN_STYLE = Automatic;
				CURRENT_PROJECT_VERSION = 1;
				GENERATE_INFOPLIST_FILE = YES;
				LD_RUNPATH_SEARCH_PATHS = (
					"$(inherited)",
					"@executable_path/Frameworks",
					"@loader_path/Frameworks",
				);
				MARKETING_VERSION = 1.0;
				PRODUCT_BUNDLE_IDENTIFIER = "io.akulenko.factory-manager-iosUITests";
				PRODUCT_NAME = "$(TARGET_NAME)";
				SWIFT_EMIT_LOC_STRINGS = NO;
				SWIFT_VERSION = 5.0;
				TARGETED_DEVICE_FAMILY = "1,2";
				TEST_TARGET_NAME = "factory-manager-ios";
			};
			name = Release;
		};
/* End XCBuildConfiguration section */

/* Begin XCConfigurationList section */
		C49374C527854BE000DFD42A /* Build configuration list for PBXProject "factory-manager-ios" */ = {
			isa = XCConfigurationList;
			buildConfigurations = (
				C49374F527854BE400DFD42A /* Debug */,
				C49374F627854BE400DFD42A /* Release */,
			);
			defaultConfigurationIsVisible = 0;
			defaultConfigurationName = Release;
		};
		C49374F727854BE400DFD42A /* Build configuration list for PBXNativeTarget "factory-manager-ios" */ = {
			isa = XCConfigurationList;
			buildConfigurations = (
				C49374F827854BE400DFD42A /* Debug */,
				C49374F927854BE400DFD42A /* Release */,
			);
			defaultConfigurationIsVisible = 0;
			defaultConfigurationName = Release;
		};
		C49374FA27854BE400DFD42A /* Build configuration list for PBXNativeTarget "factory-manager-iosTests" */ = {
			isa = XCConfigurationList;
			buildConfigurations = (
				C49374FB27854BE400DFD42A /* Debug */,
				C49374FC27854BE400DFD42A /* Release */,
			);
			defaultConfigurationIsVisible = 0;
			defaultConfigurationName = Release;
		};
		C49374FD27854BE400DFD42A /* Build configuration list for PBXNativeTarget "factory-manager-iosUITests" */ = {
			isa = XCConfigurationList;
			buildConfigurations = (
				C49374FE27854BE400DFD42A /* Debug */,
				C49374FF27854BE400DFD42A /* Release */,
			);
			defaultConfigurationIsVisible = 0;
			defaultConfigurationName = Release;
		};
/* End XCConfigurationList section */

/* Begin XCVersionGroup section */
		C49374D627854BE100DFD42A /* factory_manager_ios.xcdatamodeld */ = {
			isa = XCVersionGroup;
			children = (
				C49374D727854BE100DFD42A /* factory_manager_ios.xcdatamodel */,
			);
			currentVersion = C49374D727854BE100DFD42A /* factory_manager_ios.xcdatamodel */;
			path = factory_manager_ios.xcdatamodeld;
			sourceTree = "<group>";
			versionGroupType = wrapper.xcdatamodel;
		};
/* End XCVersionGroup section */
	};
	rootObject = C49374C227854BE000DFD42A /* Project object */;
}
